{
    "name": "agri",
    "version": "0.0.1",
    "lockfileVersion": 1,
    "dependencies": {
        "@angular/common": {
            "version": "4.1.3",
            "resolved": "https://registry.npmjs.org/@angular/common/-/common-4.1.3.tgz",
            "integrity": "sha1-58R5HjITHPdMI5QowqZ9qrLu8Bc="
        },
        "@angular/compiler": {
            "version": "4.1.3",
            "resolved": "https://registry.npmjs.org/@angular/compiler/-/compiler-4.1.3.tgz",
            "integrity": "sha1-0t0whTsM9KVHWLSjFGMsIx+clMM="
        },
        "@angular/compiler-cli": {
            "version": "4.1.3",
            "resolved": "https://registry.npmjs.org/@angular/compiler-cli/-/compiler-cli-4.1.3.tgz",
            "integrity": "sha1-wjYv/fZXVkcUgfg5+rZ1vKwhP5Y="
        },
        "@angular/core": {
            "version": "4.1.3",
            "resolved": "https://registry.npmjs.org/@angular/core/-/core-4.1.3.tgz",
            "integrity": "sha1-KFSY64arfQtvmC+Pn0h+9hABOzU="
        },
        "@angular/forms": {
            "version": "4.1.3",
            "resolved": "https://registry.npmjs.org/@angular/forms/-/forms-4.1.3.tgz",
            "integrity": "sha1-OAq0w6+ExdHXSMKn0EFRx9yOSYI="
        },
        "@angular/http": {
            "version": "4.1.3",
            "resolved": "https://registry.npmjs.org/@angular/http/-/http-4.1.3.tgz",
            "integrity": "sha1-650cMCoBcoFfmlczENm+C964Ra4="
        },
        "@angular/platform-browser": {
            "version": "4.1.3",
            "resolved": "https://registry.npmjs.org/@angular/platform-browser/-/platform-browser-4.1.3.tgz",
            "integrity": "sha1-T6HbURndF4sxXdrlsym+4akypb0="
        },
        "@angular/platform-browser-dynamic": {
            "version": "4.1.3",
            "resolved": "https://registry.npmjs.org/@angular/platform-browser-dynamic/-/platform-browser-dynamic-4.1.3.tgz",
            "integrity": "sha1-PBP9z1kdSH9u/cHUaRPygMbYwuw="
        },
        "@angular/tsc-wrapped": {
            "version": "4.1.3",
            "resolved": "https://registry.npmjs.org/@angular/tsc-wrapped/-/tsc-wrapped-4.1.3.tgz",
            "integrity": "sha1-LWNyyRh78WIerNlguUs5xPlSk80="
        },
        "@firebase/app": {
            "version": "0.1.2",
            "resolved": "https://registry.npmjs.org/@firebase/app/-/app-0.1.2.tgz",
            "integrity": "sha512-H2moN0Dl5LJn1AiRsCvwJsfE7PLKYYYJc+WKqAta+qIB/ZzBAay8NTVBYHiqsteLHc7gXofoi8zEUrGjbmz4OQ=="
        },
        "@firebase/auth": {
            "version": "0.2.2",
            "resolved": "https://registry.npmjs.org/@firebase/auth/-/auth-0.2.2.tgz",
            "integrity": "sha512-/qUnCjil7Eb0KQVErkziuyIbG1FrszD6+ttGY7+DTTbN+/QGjyqwTizwGLQDF8Itvf29O7YWKEdsoJyiwn/F4Q=="
        },
        "@firebase/database": {
            "version": "0.1.3",
            "resolved": "https://registry.npmjs.org/@firebase/database/-/database-0.1.3.tgz",
            "integrity": "sha512-Uk9IRPYDmpDRBvnIZhs16iQX/7GxetslWD+7N6GKgEDmO9csPC+9hHmdXkcVc6cG7xHCePdRJGvhrVt3ax7Fcw=="
        },
        "@firebase/firestore": {
            "version": "0.1.4",
            "resolved": "https://registry.npmjs.org/@firebase/firestore/-/firestore-0.1.4.tgz",
            "integrity": "sha512-ltt3zvvZ6LE37oIfVm0zeNA0DPo75YKWkfIyEbFlXDWkeNIt3lunhB4L777weUzZOmcZhX8T6pHx6xZM+ysDkA=="
        },
        "@firebase/messaging": {
            "version": "0.1.3",
            "resolved": "https://registry.npmjs.org/@firebase/messaging/-/messaging-0.1.3.tgz",
            "integrity": "sha512-mQxG4y+wT7hCSsNzPGdFKjZ7/NLIdSJRYX59bLL3F0HMIuOlNtYXxKjN23vBGljwFufx3dQBtlX8beDBKbOv4Q=="
        },
        "@firebase/polyfill": {
            "version": "0.1.2",
            "resolved": "https://registry.npmjs.org/@firebase/polyfill/-/polyfill-0.1.2.tgz",
            "integrity": "sha512-5oneu9nOYDZkZWyfvBXFa+ORWj9HeOYhwWy4HSJzCLKLnOvQSSZRcNBD2cVrysGR8tZCEfyKqq3fnwtODCvIQg=="
        },
        "@firebase/storage": {
            "version": "0.1.2",
            "resolved": "https://registry.npmjs.org/@firebase/storage/-/storage-0.1.2.tgz",
            "integrity": "sha512-Il1+R2BbFfhwq4H6OAF+hpxr5mAxoD3CK/i/78CiDATtKR5OU9kuQf7T3V3khMeFspK0H6r02Oe9gTbS2XhPkQ=="
        },
        "@firebase/util": {
            "version": "0.1.2",
            "resolved": "https://registry.npmjs.org/@firebase/util/-/util-0.1.2.tgz",
            "integrity": "sha512-XzvnxTsPIukAJmBVpBOGTLVgz27Iyoudmum6Bqy8Czu2qhWjikhkE1UlND7Gh5BwTpBVr03axjovRXgh5xgIxw=="
        },
        "@firebase/webchannel-wrapper": {
            "version": "0.2.4",
            "resolved": "https://registry.npmjs.org/@firebase/webchannel-wrapper/-/webchannel-wrapper-0.2.4.tgz",
            "integrity": "sha512-jEpglcwMlwdXc/JgvJaJtCSkPMktnFeI0gAZxPrmbJxKVzMZJ2zM582NbW/r6M22pSdNWjcWeg1I2LRg3jQGQA=="
        },
        "@ionic-native/android-permissions": {
            "version": "4.4.2",
            "resolved": "https://registry.npmjs.org/@ionic-native/android-permissions/-/android-permissions-4.4.2.tgz",
            "integrity": "sha512-/f8VOj9W0xWcDOPFi7n3LKYE7KEp8mNXsUO6iXuanYjEjIooDtOmznYat6e6gxy9Koda31/srQT8ltgkUQwphw=="
        },
        "@ionic-native/app-version": {
            "version": "4.5.2",
            "resolved": "https://registry.npmjs.org/@ionic-native/app-version/-/app-version-4.5.2.tgz",
            "integrity": "sha512-XLZXN1QpFyoklM0OC9J9EfPj5NSXlndaHFF+sqBPzz6J09W2VPmtLwPD43hO70O47y53/uwNiTkIkKVu3FuPdw=="
        },
        "@ionic-native/call-number": {
            "version": "4.4.2",
            "resolved": "https://registry.npmjs.org/@ionic-native/call-number/-/call-number-4.4.2.tgz",
            "integrity": "sha512-myIe5Y6QQ5hxTqj7F5fntgRxRNaPyx7ea/ifJdkadTRdMouadlj8/+Xc73MPcNbhrTlGlFmIacS7dy2bOP/jfQ=="
        },
        "@ionic-native/camera": {
            "version": "3.14.0",
            "resolved": "https://registry.npmjs.org/@ionic-native/camera/-/camera-3.14.0.tgz",
            "integrity": "sha1-o5Nt6pWe/CTmnJz0t4ZubxkCbMA="
        },
        "@ionic-native/core": {
            "version": "3.14.0",
            "resolved": "https://registry.npmjs.org/@ionic-native/core/-/core-3.14.0.tgz",
            "integrity": "sha1-eW6p+xrRGI6zAgXHvKmCyCcXR74="
        },
        "@ionic-native/deeplinks": {
            "version": "4.4.2",
            "resolved": "https://registry.npmjs.org/@ionic-native/deeplinks/-/deeplinks-4.4.2.tgz",
            "integrity": "sha512-hokJRod+0oAboYNvasDTGH/w9iPXjjBpLWuuE8F77gVvu5oJHIJ0B25I3C8A1ZPrne7/80gSYHBYjT96WIQJ8w=="
        },
        "@ionic-native/device": {
            "version": "4.5.2",
            "resolved": "https://registry.npmjs.org/@ionic-native/device/-/device-4.5.2.tgz",
            "integrity": "sha512-RIGilqC7pjt1IuWg24+Gcgh3eMrEmroLJ3Mu6zEz9QtD52QyKVYtHdo3Qf3pFRVb8FI5TLtN17pm/Jq/L/TczA=="
        },
        "@ionic-native/fcm": {
            "version": "4.4.2",
            "resolved": "https://registry.npmjs.org/@ionic-native/fcm/-/fcm-4.4.2.tgz",
            "integrity": "sha512-Us6PePsQ+0ILFAAAUQeMcc/UG/aXYZhNACUQaq22zpNN/KFZfgVQebP37cn5YytmMKFt7jjqjGSw2lAiYmsbEw=="
        },
        "@ionic-native/firebase-analytics": {
            "version": "4.5.2",
            "resolved": "https://registry.npmjs.org/@ionic-native/firebase-analytics/-/firebase-analytics-4.5.2.tgz",
            "integrity": "sha512-iqmHLmVQrmx9xJGnbyEZeRR5Kxb3uHlYv0RDPewKLqPzBioknChpGF+TJ1YWe38poos4WbROrd10UgN0TYfnuA=="
        },
        "@ionic-native/geolocation": {
            "version": "4.4.2",
            "resolved": "https://registry.npmjs.org/@ionic-native/geolocation/-/geolocation-4.4.2.tgz",
            "integrity": "sha512-FyIr5CiQp2cZ0lU1uEilSic/7Nf1UYfEHvAd/b0rHj451d/VmMAw9eDrW5RT5nokSU34T2DWzaWr1J/wOLE/KQ=="
        },
        "@ionic-native/google-maps": {
            "version": "3.12.1",
            "resolved": "https://registry.npmjs.org/@ionic-native/google-maps/-/google-maps-3.12.1.tgz",
            "integrity": "sha512-U6v8elVfnysf73JIk75beSJCKWgZxluhaygATQ+nZRGfPTBQUQIvUWWn+rHcG9uxQOadA4F2SsLpmOPeHdP2bQ=="
        },
        "@ionic-native/in-app-browser": {
            "version": "4.4.2",
            "resolved": "https://registry.npmjs.org/@ionic-native/in-app-browser/-/in-app-browser-4.4.2.tgz",
            "integrity": "sha512-F5snOEdGBNYOXhIj7RWVZhOTZa4G7vLX5Pr46/iVHKXIYXZKn2h96JhkeQGPD1+ciG4JNqPGO7jG48qDmrR/dg=="
        },
        "@ionic-native/native-geocoder": {
            "version": "4.4.2",
            "resolved": "https://registry.npmjs.org/@ionic-native/native-geocoder/-/native-geocoder-4.4.2.tgz",
            "integrity": "sha512-chSz+qu40t0a70ls0odsBCmQcK01rOql7CSTMsYksIQB124/pAJPTmcC8igXb1Obwmc+gkOqbQ8m6AiRR9Be6w=="
        },
        "@ionic-native/splash-screen": {
            "version": "4.4.2",
            "resolved": "https://registry.npmjs.org/@ionic-native/splash-screen/-/splash-screen-4.4.2.tgz",
            "integrity": "sha512-rcrdSr6cw+5q7tOJLAX6SX/IPvZRNQQuny9uLCt1kUcD6AjfV/PW+acjX+bUPrA7xZcqHrQ6849PNnLKrTNpEw=="
        },
        "@ionic-native/status-bar": {
            "version": "3.12.1",
            "resolved": "https://registry.npmjs.org/@ionic-native/status-bar/-/status-bar-3.12.1.tgz",
            "integrity": "sha512-2kpSR/+Hma5tpYni0m5X+DbU4yalkIKlW8qfhnfdMuw5a6qKCoqE0UNxnJ3RxVh3OjCCYy0c99gEFMVIG2oezg=="
        },
        "@ionic-native/toast": {
            "version": "4.4.2",
            "resolved": "https://registry.npmjs.org/@ionic-native/toast/-/toast-4.4.2.tgz",
            "integrity": "sha512-VQ5JzVDUoxR/VZt2ancaY/qZsNpfya+2prwjwJECoIqjJfRb3AYBJtR71oBC2vthHkhgr9Xmse5TniC0lHlBFA=="
        },
        "@ionic/storage": {
            "version": "2.1.3",
            "resolved": "https://registry.npmjs.org/@ionic/storage/-/storage-2.1.3.tgz",
            "integrity": "sha512-/i3Vn2jNBqteAm5FuGCNei5oJlFQB2JYFkH3nR5f5i7X4kRz17XAsAKXVQjyR9wiye8HmxglIz05JsC92nYUjQ=="
        },
        "@ngx-translate/core": {
            "version": "6.0.1",
            "resolved": "https://registry.npmjs.org/@ngx-translate/core/-/core-6.0.1.tgz",
            "integrity": "sha1-fHqAB3/rmU/IFbZ6cgZa8E05Tv4="
        },
        "@ngx-translate/http-loader": {
            "version": "0.0.3",
            "resolved": "https://registry.npmjs.org/@ngx-translate/http-loader/-/http-loader-0.0.3.tgz",
            "integrity": "sha1-g0bI0tb2MCVGAQKWaPF6vir+ips="
        },
        "@types/localforage": {
            "version": "0.0.30",
            "resolved": "https://registry.npmjs.org/@types/localforage/-/localforage-0.0.30.tgz",
            "integrity": "sha1-PWCmv23aOOP4pGlhFZg3nx9klQk="
        },
        "acorn": {
            "version": "1.2.2",
            "resolved": "https://registry.npmjs.org/acorn/-/acorn-1.2.2.tgz",
            "integrity": "sha1-yM4n3grMdtiW0rH6099YjZ6C8BQ="
        },
        "amdefine": {
            "version": "1.0.1",
            "resolved": "https://registry.npmjs.org/amdefine/-/amdefine-1.0.1.tgz",
            "integrity": "sha1-SlKCrBZHKek2Gbz9OtFR+BfOkfU="
        },
        "android-versions": {
            "version": "1.2.1",
            "resolved": "https://registry.npmjs.org/android-versions/-/android-versions-1.2.1.tgz",
            "integrity": "sha512-k6zlrtWbJ3tx1ZsyyJ0Bo3r6cqPA3JUnFGv7pnIaLr1XVxSi2Tcem2lg3kBebFp27v/A40tZqdlouPyakpyKrw=="
        },
        "ast-types": {
            "version": "0.8.15",
            "resolved": "https://registry.npmjs.org/ast-types/-/ast-types-0.8.15.tgz",
            "integrity": "sha1-ju8IJ/BN/w7IhXupJavj/qYZTlI="
        },
        "base62": {
            "version": "0.1.1",
            "resolved": "https://registry.npmjs.org/base62/-/base62-0.1.1.tgz",
            "integrity": "sha1-e0F0wvlESXU7EcJlHAg9qEGnsIQ="
        },
        "base64-js": {
            "version": "1.2.0",
            "resolved": "https://registry.npmjs.org/base64-js/-/base64-js-1.2.0.tgz",
            "integrity": "sha1-o5mS1yNYSBGYK+XikLtqU9hnAPE="
        },
        "call-number": {
            "version": "1.0.1",
            "resolved": "https://registry.npmjs.org/call-number/-/call-number-1.0.1.tgz",
            "integrity": "sha1-v52q5If9alVz+JqjZV++ivA2r9I="
        },
        "chart.js": {
            "version": "2.7.1",
            "resolved": "https://registry.npmjs.org/chart.js/-/chart.js-2.7.1.tgz",
            "integrity": "sha512-pX1oQAY86MiuyZ2hY593Acbl4MLHKrBBhhmZ1YqSadzQbbsBE2rnd6WISoHjIsdf0WDeC0hbePYCz2ZxkV8L+g=="
        },
        "chartjs-color": {
            "version": "2.2.0",
            "resolved": "https://registry.npmjs.org/chartjs-color/-/chartjs-color-2.2.0.tgz",
            "integrity": "sha1-hKL7dVeH7YXDndbdjHsdiEKbrq4="
        },
        "chartjs-color-string": {
            "version": "0.5.0",
            "resolved": "https://registry.npmjs.org/chartjs-color-string/-/chartjs-color-string-0.5.0.tgz",
            "integrity": "sha512-amWNvCOXlOUYxZVDSa0YOab5K/lmEhbFNKI55PWc4mlv28BDzA7zaoQTGxSBgJMHIW+hGX8YUrvw/FH4LyhwSQ=="
        },
        "color-convert": {
            "version": "0.5.3",
            "resolved": "https://registry.npmjs.org/color-convert/-/color-convert-0.5.3.tgz",
            "integrity": "sha1-vbbGnOZg+t/+CwAHzER+G59ygr0="
        },
        "color-name": {
            "version": "1.1.3",
            "resolved": "https://registry.npmjs.org/color-name/-/color-name-1.1.3.tgz",
            "integrity": "sha1-p9BVi9icQveV3UIyj3QIMcpTvCU="
        },
        "cordova-android": {
            "version": "6.3.0",
            "resolved": "https://registry.npmjs.org/cordova-android/-/cordova-android-6.3.0.tgz",
            "integrity": "sha1-2lQYQz0lx1pZd7QoJEu+Q30BKNI=",
            "dependencies": {
                "abbrev": {
                    "version": "1.1.0",
                    "bundled": true
                },
                "ansi": {
                    "version": "0.3.1",
                    "bundled": true
                },
                "balanced-match": {
                    "version": "1.0.0",
                    "bundled": true
                },
                "base64-js": {
                    "version": "0.0.8",
                    "bundled": true
                },
                "big-integer": {
                    "version": "1.6.25",
                    "bundled": true
                },
                "bplist-parser": {
                    "version": "0.1.1",
                    "bundled": true
                },
                "brace-expansion": {
                    "version": "1.1.8",
                    "bundled": true
                },
                "concat-map": {
                    "version": "0.0.1",
                    "bundled": true
                },
                "cordova-common": {
                    "version": "2.1.0",
                    "bundled": true
                },
                "cordova-registry-mapper": {
                    "version": "1.1.15",
                    "bundled": true
                },
                "elementtree": {
                    "version": "0.1.6",
                    "bundled": true
                },
                "glob": {
                    "version": "5.0.15",
                    "bundled": true
                },
                "inflight": {
                    "version": "1.0.6",
                    "bundled": true
                },
                "inherits": {
                    "version": "2.0.3",
                    "bundled": true
                },
                "lodash": {
                    "version": "3.10.1",
                    "bundled": true
                },
                "minimatch": {
                    "version": "3.0.4",
                    "bundled": true
                },
                "nopt": {
                    "version": "3.0.6",
                    "bundled": true
                },
                "once": {
                    "version": "1.4.0",
                    "bundled": true
                },
                "os-homedir": {
                    "version": "1.0.2",
                    "bundled": true
                },
                "os-tmpdir": {
                    "version": "1.0.2",
                    "bundled": true
                },
                "osenv": {
                    "version": "0.1.4",
                    "bundled": true
                },
                "path-is-absolute": {
                    "version": "1.0.1",
                    "bundled": true
                },
                "plist": {
                    "version": "1.2.0",
                    "bundled": true
                },
                "properties-parser": {
                    "version": "0.2.3",
                    "bundled": true
                },
                "q": {
                    "version": "1.5.0",
                    "bundled": true
                },
                "sax": {
                    "version": "0.3.5",
                    "bundled": true
                },
                "semver": {
                    "version": "5.4.1",
                    "bundled": true
                },
                "shelljs": {
                    "version": "0.5.3",
                    "bundled": true
                },
                "underscore": {
                    "version": "1.8.3",
                    "bundled": true
                },
                "unorm": {
                    "version": "1.4.1",
                    "bundled": true
                },
                "util-deprecate": {
                    "version": "1.0.2",
                    "bundled": true
                },
                "wrappy": {
                    "version": "1.0.2",
                    "bundled": true
                },
                "xmlbuilder": {
                    "version": "4.0.0",
                    "bundled": true
                },
                "xmldom": {
                    "version": "0.1.27",
                    "bundled": true
                }
            }
        },
        "cordova-plugin-android-permissions": {
            "version": "1.0.0",
            "resolved": "https://registry.npmjs.org/cordova-plugin-android-permissions/-/cordova-plugin-android-permissions-1.0.0.tgz",
            "integrity": "sha1-nnwRa+Zo6336QUkbE9jUfalUgUk="
        },
        "cordova-plugin-app-version": {
            "version": "0.1.9",
            "resolved": "https://registry.npmjs.org/cordova-plugin-app-version/-/cordova-plugin-app-version-0.1.9.tgz",
            "integrity": "sha1-nbBgeGMzenEEiTAuX1CpBPFEm9s="
        },
        "cordova-plugin-camera": {
            "version": "2.4.1",
            "resolved": "https://registry.npmjs.org/cordova-plugin-camera/-/cordova-plugin-camera-2.4.1.tgz",
            "integrity": "sha1-GV404S22TxxJ52T31OPyYao9lME="
        },
        "cordova-plugin-compat": {
            "version": "1.2.0",
            "resolved": "https://registry.npmjs.org/cordova-plugin-compat/-/cordova-plugin-compat-1.2.0.tgz",
            "integrity": "sha1-C8ZXVyduvZIMASzpIOJ0F3V2Nz4="
        },
        "cordova-plugin-device": {
            "version": "1.1.7",
            "resolved": "https://registry.npmjs.org/cordova-plugin-device/-/cordova-plugin-device-1.1.7.tgz",
            "integrity": "sha1-/JQRG+aTJijGaGiTjd89yCyfv+Y="
        },
        "cordova-plugin-fcm": {
            "version": "2.1.2",
            "resolved": "https://registry.npmjs.org/cordova-plugin-fcm/-/cordova-plugin-fcm-2.1.2.tgz",
            "integrity": "sha1-Xy98EsFlVtIdMCHn062J4hWCV0c="
        },
        "cordova-plugin-geolocation": {
            "version": "2.4.3",
            "resolved": "https://registry.npmjs.org/cordova-plugin-geolocation/-/cordova-plugin-geolocation-2.4.3.tgz",
            "integrity": "sha1-HdAAI9Hxos4zD4dn7Qj3tzj+cYQ="
        },
        "cordova-plugin-inappbrowser": {
            "version": "1.7.2",
            "resolved": "https://registry.npmjs.org/cordova-plugin-inappbrowser/-/cordova-plugin-inappbrowser-1.7.2.tgz",
            "integrity": "sha1-ZHY0lb6H6y562xoI8CCblupc7uA="
        },
        "cordova-plugin-nativegeocoder": {
            "version": "2.0.4",
            "resolved": "https://registry.npmjs.org/cordova-plugin-nativegeocoder/-/cordova-plugin-nativegeocoder-2.0.4.tgz",
            "integrity": "sha1-7GYMhomXFqcQA+i74F+zfPQLkyA="
        },
        "cordova-plugin-sms-receiver": {
            "version": "0.1.6",
            "resolved": "https://registry.npmjs.org/cordova-plugin-sms-receiver/-/cordova-plugin-sms-receiver-0.1.6.tgz",
            "integrity": "sha1-bet/3QYDEGMYgpzzuWBGQt0ixI0="
        },
        "cordova-plugin-splashscreen": {
            "version": "4.1.0",
            "resolved": "https://registry.npmjs.org/cordova-plugin-splashscreen/-/cordova-plugin-splashscreen-4.1.0.tgz",
            "integrity": "sha1-gQKKt2Q+YVWT0n8q0CRFYR8ZRrY="
        },
        "cordova-plugin-statusbar": {
            "version": "2.3.0",
            "resolved": "https://registry.npmjs.org/cordova-plugin-statusbar/-/cordova-plugin-statusbar-2.3.0.tgz",
            "integrity": "sha1-MU4dAJxlkQzf3gNL/KE71QLJ5eA="
        },
        "cordova-plugin-whitelist": {
            "version": "1.3.3",
            "resolved": "https://registry.npmjs.org/cordova-plugin-whitelist/-/cordova-plugin-whitelist-1.3.3.tgz",
            "integrity": "sha1-tehezbv+Wu3tQKG/TuI3LmfZb7Q="
        },
        "cordova-plugin-x-toast": {
            "version": "2.6.0",
            "resolved": "https://registry.npmjs.org/cordova-plugin-x-toast/-/cordova-plugin-x-toast-2.6.0.tgz",
            "integrity": "sha1-R3i+y2HjbIlRCRoHWFDCje2PVqU="
        },
        "cordova-plugin-youtube-video-player": {
            "version": "1.0.6",
            "resolved": "https://registry.npmjs.org/cordova-plugin-youtube-video-player/-/cordova-plugin-youtube-video-player-1.0.6.tgz",
            "integrity": "sha1-vBrJLQN3y4rvEs2zwBV38rFy4vU="
        },
        "cordova-support-google-services": {
            "version": "1.0.0",
            "resolved": "https://registry.npmjs.org/cordova-support-google-services/-/cordova-support-google-services-1.0.0.tgz",
            "integrity": "sha1-ZuZg981Glsp/olzdp8tt8lXmXVw="
        },
        "core-util-is": {
            "version": "1.0.2",
            "resolved": "https://registry.npmjs.org/core-util-is/-/core-util-is-1.0.2.tgz",
            "integrity": "sha1-tf1UIgqivFq1eqtxQMlAdUUDwac="
        },
        "dom-storage": {
            "version": "2.0.2",
            "resolved": "https://registry.npmjs.org/dom-storage/-/dom-storage-2.0.2.tgz",
            "integrity": "sha1-7RfL9oq9EOCu+BgnE+KXxeS1ALA="
        },
        "es3ify": {
            "version": "0.1.4",
            "resolved": "https://registry.npmjs.org/es3ify/-/es3ify-0.1.4.tgz",
            "integrity": "sha1-rZ+l3xrjTz8x4SEbWBiy1RB439E=",
            "dependencies": {
                "esprima-fb": {
                    "version": "3001.1.0-dev-harmony-fb",
                    "resolved": "https://registry.npmjs.org/esprima-fb/-/esprima-fb-3001.0001.0000-dev-harmony-fb.tgz",
                    "integrity": "sha1-t303q8046gt3Qmu4vCkizmtCZBE="
                }
            }
        },
        "esmangle-evaluator": {
            "version": "1.0.1",
            "resolved": "https://registry.npmjs.org/esmangle-evaluator/-/esmangle-evaluator-1.0.1.tgz",
            "integrity": "sha1-Yg2GbvSGGzMR91dm1SqFcrs8YzY="
        },
        "esprima-fb": {
            "version": "3001.1.0-dev-harmony-fb",
            "resolved": "https://registry.npmjs.org/esprima-fb/-/esprima-fb-3001.0001.0000-dev-harmony-fb.tgz",
            "integrity": "sha1-t303q8046gt3Qmu4vCkizmtCZBE="
        },
        "falafel": {
            "version": "1.2.0",
            "resolved": "https://registry.npmjs.org/falafel/-/falafel-1.2.0.tgz",
            "integrity": "sha1-wY0k71CRF0pJfzGM0ksCaiXN2rQ="
        },
        "faye-websocket": {
            "version": "0.11.1",
            "resolved": "https://registry.npmjs.org/faye-websocket/-/faye-websocket-0.11.1.tgz",
            "integrity": "sha1-8O/hjE9W5PQK/H4Gxxn9XuYYjzg="
        },
        "firebase": {
            "version": "4.6.2",
            "resolved": "https://registry.npmjs.org/firebase/-/firebase-4.6.2.tgz",
            "integrity": "sha512-qI4qWZNO4/tS05goNaLYaxFd2/GgWVONPcqq+H1YyLi0ybWfF7oEVhw1dz8SY+7Xc5wc3S4jGSMi3apgINz1Zg=="
        },
        "foreach": {
            "version": "2.0.5",
            "resolved": "https://registry.npmjs.org/foreach/-/foreach-2.0.5.tgz",
            "integrity": "sha1-C+4AUBiusmDQo6865ljdATbsG5k="
        },
        "http-parser-js": {
            "version": "0.4.9",
            "resolved": "https://registry.npmjs.org/http-parser-js/-/http-parser-js-0.4.9.tgz",
            "integrity": "sha1-6hoE+2St/wJC6ZdPKX3Uw8rSceE="
        },
        "immediate": {
            "version": "3.0.6",
            "resolved": "https://registry.npmjs.org/immediate/-/immediate-3.0.6.tgz",
            "integrity": "sha1-nbHb0Pr43m++D13V5Wu2BigN5ps="
        },
        "inherits": {
            "version": "2.0.3",
            "resolved": "https://registry.npmjs.org/inherits/-/inherits-2.0.3.tgz",
            "integrity": "sha1-Yzwsg+PaQqUC9SRmAiSA9CCCYd4="
        },
        "inline-process-browser": {
            "version": "1.0.0",
            "resolved": "https://registry.npmjs.org/inline-process-browser/-/inline-process-browser-1.0.0.tgz",
            "integrity": "sha1-RqYbFT3TybFiSxoAYm7bT39BTyI="
        },
        "ion-ripple": {
            "version": "1.1.0",
            "resolved": "https://registry.npmjs.org/ion-ripple/-/ion-ripple-1.1.0.tgz",
            "integrity": "sha1-5IPDq0M/9iTaT0F2emUQVVyc7WU="
        },
        "ionic-angular": {
            "version": "3.6.1",
            "resolved": "https://registry.npmjs.org/ionic-angular/-/ionic-angular-3.6.1.tgz",
            "integrity": "sha512-lsUX9VEj5fXMoDXW9SBgKl33hlOYf/JmD+SJKYreXT63XN1C8N+jP01H5VoHYQFR18nzNZAxX5sv+/U1UdPtTA=="
        },
        "ionic-cache": {
            "version": "2.0.5",
            "resolved": "https://registry.npmjs.org/ionic-cache/-/ionic-cache-2.0.5.tgz",
            "integrity": "sha1-pTCHA71+3z/jwHABCQW9hy7si2M="
        },
        "ionic-plugin-deeplinks": {
            "version": "1.0.15",
            "resolved": "https://registry.npmjs.org/ionic-plugin-deeplinks/-/ionic-plugin-deeplinks-1.0.15.tgz",
            "integrity": "sha1-ZV3uNApLGfuflh8ZXw6fCP/QLEo="
        },
        "ionic-plugin-keyboard": {
            "version": "2.2.1",
            "resolved": "https://registry.npmjs.org/ionic-plugin-keyboard/-/ionic-plugin-keyboard-2.2.1.tgz",
            "integrity": "sha1-8qnhabvptVIkADR8n9bTRn7j+hI="
        },
        "ionicons": {
            "version": "3.0.0",
            "resolved": "https://registry.npmjs.org/ionicons/-/ionicons-3.0.0.tgz",
            "integrity": "sha1-QLja9P16MRUL0AIWD2ZJbiKpjDw="
        },
        "isarray": {
            "version": "0.0.1",
            "resolved": "https://registry.npmjs.org/isarray/-/isarray-0.0.1.tgz",
            "integrity": "sha1-ihis/Kmo9Bd+Cav8YDiTmwXR7t8="
        },
        "jstransform": {
            "version": "3.0.0",
            "resolved": "https://registry.npmjs.org/jstransform/-/jstransform-3.0.0.tgz",
            "integrity": "sha1-olkats7o2XvzvoMNv6IxO4fNZAs=",
            "dependencies": {
                "source-map": {
                    "version": "0.1.31",
                    "resolved": "https://registry.npmjs.org/source-map/-/source-map-0.1.31.tgz",
                    "integrity": "sha1-n3BNDWnZ4TioG63267T94z0VHGE="
                }
            }
        },
        "lie": {
            "version": "3.0.2",
            "resolved": "https://registry.npmjs.org/lie/-/lie-3.0.2.tgz",
            "integrity": "sha1-/9oh17uibzd8rYZdNkmy/Izjn+o="
        },
        "localforage": {
            "version": "1.4.3",
            "resolved": "https://registry.npmjs.org/localforage/-/localforage-1.4.3.tgz",
            "integrity": "sha1-ohJUPDnHx2Qk7dEr9HTEiarKSUw="
        },
        "localforage-cordovasqlitedriver": {
            "version": "1.5.0",
            "resolved": "https://registry.npmjs.org/localforage-cordovasqlitedriver/-/localforage-cordovasqlitedriver-1.5.0.tgz",
            "integrity": "sha1-+TR4nmrZo5usBf3RFogS9DhTV2I="
        },
        "minimist": {
            "version": "1.2.0",
            "resolved": "https://registry.npmjs.org/minimist/-/minimist-1.2.0.tgz",
            "integrity": "sha1-o1AIsg9BOD7sH7kU9M1d95omQoQ="
        },
        "mkdirp": {
            "version": "0.5.1",
            "resolved": "https://registry.npmjs.org/mkdirp/-/mkdirp-0.5.1.tgz",
            "integrity": "sha1-MAV0OOrGz3+MR2fzhkjWaX11yQM=",
            "dependencies": {
                "minimist": {
                    "version": "0.0.8",
                    "resolved": "https://registry.npmjs.org/minimist/-/minimist-0.0.8.tgz",
                    "integrity": "sha1-hX/Kv8M5fSYluCKCYuhqp6ARsF0="
                }
            }
        },
        "mkpath": {
            "version": "1.0.0",
            "resolved": "https://registry.npmjs.org/mkpath/-/mkpath-1.0.0.tgz",
            "integrity": "sha1-67Opd+evHGg65v2hK1Raa6bFhT0="
        },
        "moment": {
            "version": "2.18.1",
            "resolved": "https://registry.npmjs.org/moment/-/moment-2.18.1.tgz",
            "integrity": "sha1-w2GT3Tzhwu7SrbfIAtu8d6gbHA8="
        },
        "ng2-charts": {
            "version": "1.6.0",
            "resolved": "https://registry.npmjs.org/ng2-charts/-/ng2-charts-1.6.0.tgz",
            "integrity": "sha512-9w0WH69x5/nuqC1og2WaY39NbaBqTGIP1+5gZaH7/KPN6UEPonNg/pYnsIVklLj1DWPWXKa8+XXIJZ1jy5nLxg=="
        },
        "node-version-compare": {
            "version": "1.0.1",
            "resolved": "https://registry.npmjs.org/node-version-compare/-/node-version-compare-1.0.1.tgz",
            "integrity": "sha1-2Fv9IPCsreM1d/VmgscQnDTFUM0="
        },
        "object-keys": {
            "version": "1.0.11",
            "resolved": "https://registry.npmjs.org/object-keys/-/object-keys-1.0.11.tgz",
            "integrity": "sha1-xUYBd4rVYPEULODgG8yotW0TQm0="
        },
        "path-to-regexp": {
            "version": "1.7.0",
            "resolved": "https://registry.npmjs.org/path-to-regexp/-/path-to-regexp-1.7.0.tgz",
            "integrity": "sha1-Wf3g9DW62suhA6hOnTvGTpa5k30="
        },
        "plist": {
            "version": "2.1.0",
            "resolved": "https://registry.npmjs.org/plist/-/plist-2.1.0.tgz",
            "integrity": "sha1-V8zbeggh3yGDEhejytVOPhRqECU="
        },
        "private": {
            "version": "0.1.8",
            "resolved": "https://registry.npmjs.org/private/-/private-0.1.8.tgz",
            "integrity": "sha512-VvivMrbvd2nKkiG38qjULzlc+4Vx4wm/whI9pQD35YrARNnhxeiRktSOhSukRLFNlzg6Br/cJPet5J/u19r/mg=="
        },
        "promise-polyfill": {
            "version": "6.0.2",
            "resolved": "https://registry.npmjs.org/promise-polyfill/-/promise-polyfill-6.0.2.tgz",
            "integrity": "sha1-2chtPcTcLfkBboiUbe/Wm0m0EWI="
        },
        "readable-stream": {
            "version": "1.0.34",
            "resolved": "https://registry.npmjs.org/readable-stream/-/readable-stream-1.0.34.tgz",
            "integrity": "sha1-Elgg40vIQtLyqq+v5MKRbuMsFXw="
        },
        "recast": {
            "version": "0.10.43",
            "resolved": "https://registry.npmjs.org/recast/-/recast-0.10.43.tgz",
            "integrity": "sha1-uV1Q9tYHYaX2JS4V2AZ4FoSRzn8=",
            "dependencies": {
                "esprima-fb": {
                    "version": "15001.1001.0-dev-harmony-fb",
                    "resolved": "https://registry.npmjs.org/esprima-fb/-/esprima-fb-15001.1001.0-dev-harmony-fb.tgz",
                    "integrity": "sha1-Q761fsJujPI3092LM+QlM1d/Jlk="
                }
            }
        },
        "reflect-metadata": {
            "version": "0.1.10",
            "resolved": "https://registry.npmjs.org/reflect-metadata/-/reflect-metadata-0.1.10.tgz",
            "integrity": "sha1-tPg3BEFqytiZiMmxVjXUfgO5NEo="
        },
        "rxjs": {
            "version": "5.4.0",
            "resolved": "https://registry.npmjs.org/rxjs/-/rxjs-5.4.0.tgz",
            "integrity": "sha1-p9sUqxV/nXqsalbmVeejhg05vyY="
        },
        "sax": {
            "version": "1.2.4",
            "resolved": "https://registry.npmjs.org/sax/-/sax-1.2.4.tgz",
            "integrity": "sha512-NqVDv9TpANUjFm0N8uM5GxL36UgKi9/atZw+x7YFnQ8ckwFGKrl4xX4yWtrey3UJm5nP1kUbnYgLopqWNSRhWw=="
        },
        "serviceworker-cache-polyfill": {
            "version": "4.0.0",
            "resolved": "https://registry.npmjs.org/serviceworker-cache-polyfill/-/serviceworker-cache-polyfill-4.0.0.tgz",
            "integrity": "sha1-3hnuc77yGrPAdAo3sz22JGS6ves="
        },
        "source-map": {
            "version": "0.5.7",
            "resolved": "https://registry.npmjs.org/source-map/-/source-map-0.5.7.tgz",
            "integrity": "sha1-igOdLRAh0i0eoUyA2OpGi6LvP8w="
        },
        "source-map-support": {
            "version": "0.4.18",
            "resolved": "https://registry.npmjs.org/source-map-support/-/source-map-support-0.4.18.tgz",
            "integrity": "sha512-try0/JqxPLF9nOjvSta7tVondkP5dwgyLDjVoyMDlmjugT2lRZ1OfsrYTkCd2hkDnJTKRbO/Rl3orm8vlsUzbA=="
        },
        "string_decoder": {
            "version": "0.10.31",
            "resolved": "https://registry.npmjs.org/string_decoder/-/string_decoder-0.10.31.tgz",
            "integrity": "sha1-YuIDvEF2bGwoyfyEMB2rHFMQ+pQ="
        },
        "sw-toolbox": {
            "version": "3.6.0",
            "resolved": "https://registry.npmjs.org/sw-toolbox/-/sw-toolbox-3.6.0.tgz",
            "integrity": "sha1-Jt8dHHA0hljk3qKIQxkUm3sxg7U="
        },
        "symbol-observable": {
            "version": "1.0.4",
            "resolved": "https://registry.npmjs.org/symbol-observable/-/symbol-observable-1.0.4.tgz",
            "integrity": "sha1-Kb9hXUqnEhvdiYsi1LP5vE4qoD0="
        },
        "through": {
            "version": "2.3.8",
            "resolved": "https://registry.npmjs.org/through/-/through-2.3.8.tgz",
            "integrity": "sha1-DdTJ/6q8NXlgsbckEV1+Doai4fU="
        },
        "through2": {
            "version": "0.6.5",
            "resolved": "https://registry.npmjs.org/through2/-/through2-0.6.5.tgz",
            "integrity": "sha1-QaucZ7KdVyCQcUEOHXp6lozTrUg="
        },
        "tsickle": {
            "version": "0.21.6",
            "resolved": "https://registry.npmjs.org/tsickle/-/tsickle-0.21.6.tgz",
            "integrity": "sha1-U7Abl5xcE/2xOvs/uVgXflmRWI0="
        },
        "unreachable-branch-transform": {
            "version": "0.3.0",
            "resolved": "https://registry.npmjs.org/unreachable-branch-transform/-/unreachable-branch-transform-0.3.0.tgz",
            "integrity": "sha1-2ZzExudG0mSSiEW2EdtUsPNHTKo="
        },
        "websocket-driver": {
            "version": "0.7.0",
            "resolved": "https://registry.npmjs.org/websocket-driver/-/websocket-driver-0.7.0.tgz",
            "integrity": "sha1-DK+dLXVdk67gSdS90NP+LMoqJOs="
        },
        "websocket-extensions": {
            "version": "0.1.3",
            "resolved": "https://registry.npmjs.org/websocket-extensions/-/websocket-extensions-0.1.3.tgz",
            "integrity": "sha512-nqHUnMXmBzT0w570r2JpJxfiSD1IzoI+HGVdd3aZ0yNi3ngvQ4jv1dtHt5VGxfI2yj5yqImPhOK4vmIh2xMbGg=="
        },
        "xml2js": {
            "version": "0.4.19",
            "resolved": "https://registry.npmjs.org/xml2js/-/xml2js-0.4.19.tgz",
            "integrity": "sha512-esZnJZJOiJR9wWKMyuvSE1y6Dq5LCuJanqhxslH2bxM6duahNZ+HMpCLhBQGZkbX6xRf8x1Y2eJlgt2q3qo49Q==",
            "dependencies": {
                "xmlbuilder": {
                    "version": "9.0.4",
                    "resolved": "https://registry.npmjs.org/xmlbuilder/-/xmlbuilder-9.0.4.tgz",
                    "integrity": "sha1-UZy0ymhtAFqEINNJbz8MruzKWA8="
                }
            }
        },
        "xmlbuilder": {
            "version": "8.2.2",
            "resolved": "https://registry.npmjs.org/xmlbuilder/-/xmlbuilder-8.2.2.tgz",
            "integrity": "sha1-aSSGc0ELS6QuGmE2VR0pIjNap3M="
        },
        "xmldom": {
            "version": "0.1.27",
            "resolved": "https://registry.npmjs.org/xmldom/-/xmldom-0.1.27.tgz",
            "integrity": "sha1-1QH5ezvbQDr4757MIFcxh6rawOk="
        },
        "xmlhttprequest": {
            "version": "1.8.0",
            "resolved": "https://registry.npmjs.org/xmlhttprequest/-/xmlhttprequest-1.8.0.tgz",
            "integrity": "sha1-Z/4HXFwk/vOfnWX197f+dRcZaPw="
        },
        "xtend": {
            "version": "4.0.1",
            "resolved": "https://registry.npmjs.org/xtend/-/xtend-4.0.1.tgz",
            "integrity": "sha1-pcbVMr5lbiPbgg77lDofBJmNY68="
        },
        "zone.js": {
            "version": "0.8.12",
            "resolved": "https://registry.npmjs.org/zone.js/-/zone.js-0.8.12.tgz",
            "integrity": "sha1-hv9QU8mK7CkaC/S7rFAdaUoFz7s="
        }
    }
}
